# THIS IS AN AUTOGENERATED FILE. DO NOT EDIT THIS FILE DIRECTLY.
# yarn lockfile v1


esm@^3.2.25:
  version "3.2.25"
  resolved "https://registry.yarnpkg.com/esm/-/esm-3.2.25.tgz#342c18c29d56157688ba5ce31f8431fbb795cc10"
  integrity sha512-U1suiZ2oDVWv4zPO56S0NcR5QriEahGtdN2OR6FiOG4WJvcjBVFB0qI4+eKoWFH483PKGuLuu6V8Z4T5g63UVA==

ferp@^1.2.0:
  version "1.2.0"
  resolved "https://registry.yarnpkg.com/ferp/-/ferp-1.2.0.tgz#663babe4efe03053d70076e07925022ec9a4aa94"
  integrity sha512-PnyfzKxorL+uo96si8XG8ULTKfLqimRcJYLeF6ikLX3HpVOvAcXkYs3wJ9uoaJJ0F7oNcsCI3hpETLxfXOjV5A==
